
Microsoft Visual Studio Solution File, Format Version 12.00
# Visual Studio Version 16
VisualStudioVersion = 16.0.29613.14
MinimumVisualStudioVersion = 10.0.40219.1
Project("{FAE04EC0-301F-11D3-BF4B-00C04F79EFBC}") = "ASPNetCoreDI", "ASPNetCoreDI.csproj", "{A6C0C395-0392-45FA-B9E8-1F56714D8489}"
EndProject
Global
	GlobalSection(SolutionConfigurationPlatforms) = preSolution
		Debug|Any CPU = Debug|Any CPU
		Release|Any CPU = Release|Any CPU
	EndGlobalSection
	GlobalSection(ProjectConfigurationPlatforms) = postSolution
		{A6C0C395-0392-45FA-B9E8-1F56714D8489}.Debug|Any CPU.ActiveCfg = Debug|Any CPU
		{A6C0C395-0392-45FA-B9E8-1F56714D8489}.Debug|Any CPU.Build.0 = Debug|Any CPU
		{A6C0C395-0392-45FA-B9E8-1F56714D8489}.Release|Any CPU.ActiveCfg = Release|Any CPU
		{A6C0C395-0392-45FA-B9E8-1F56714D8489}.Release|Any CPU.Build.0 = Release|Any CPU
	EndGlobalSection
	GlobalSection(SolutionProperties) = preSolution
		HideSolutionNode = FALSE
	EndGlobalSection
	GlobalSection(ExtensibilityGlobals) = postSolution
		SolutionGuid = {AB4EAE78-C94F-4E74-9D30-8FAA59BE3571}
	EndGlobalSection
EndGlobal
