
Microsoft Visual Studio Solution File, Format Version 12.00
# Visual Studio Version 16
VisualStudioVersion = 16.0.29102.190
MinimumVisualStudioVersion = 10.0.40219.1
Project("{9A19103F-16F7-4668-BE54-9A1E7A4F7556}") = "DemoApp", "DemoApp\DemoApp.csproj", "{7822DF3A-F5CF-4ED6-8F8E-AE9FACA77316}"
EndProject
Project("{9A19103F-16F7-4668-BE54-9A1E7A4F7556}") = "DemoApp.Services", "DemoApp.Services\DemoApp.Services.csproj", "{E3FDF3A3-71CB-4038-91F9-376C585D35AB}"
EndProject
Project("{FAE04EC0-301F-11D3-BF4B-00C04F79EFBC}") = "DemoApp.Services.Test", "DemoApp.Services.Test\DemoApp.Services.Test.csproj", "{EB7763FD-A207-419A-93EB-A88C51EF45C0}"
EndProject
Global
	GlobalSection(SolutionConfigurationPlatforms) = preSolution
		Debug|Any CPU = Debug|Any CPU
		Release|Any CPU = Release|Any CPU
	EndGlobalSection
	GlobalSection(ProjectConfigurationPlatforms) = postSolution
		{7822DF3A-F5CF-4ED6-8F8E-AE9FACA77316}.Debug|Any CPU.ActiveCfg = Debug|Any CPU
		{7822DF3A-F5CF-4ED6-8F8E-AE9FACA77316}.Debug|Any CPU.Build.0 = Debug|Any CPU
		{7822DF3A-F5CF-4ED6-8F8E-AE9FACA77316}.Release|Any CPU.ActiveCfg = Release|Any CPU
		{7822DF3A-F5CF-4ED6-8F8E-AE9FACA77316}.Release|Any CPU.Build.0 = Release|Any CPU
		{E3FDF3A3-71CB-4038-91F9-376C585D35AB}.Debug|Any CPU.ActiveCfg = Debug|Any CPU
		{E3FDF3A3-71CB-4038-91F9-376C585D35AB}.Debug|Any CPU.Build.0 = Debug|Any CPU
		{E3FDF3A3-71CB-4038-91F9-376C585D35AB}.Release|Any CPU.ActiveCfg = Release|Any CPU
		{E3FDF3A3-71CB-4038-91F9-376C585D35AB}.Release|Any CPU.Build.0 = Release|Any CPU
		{EB7763FD-A207-419A-93EB-A88C51EF45C0}.Debug|Any CPU.ActiveCfg = Debug|Any CPU
		{EB7763FD-A207-419A-93EB-A88C51EF45C0}.Debug|Any CPU.Build.0 = Debug|Any CPU
		{EB7763FD-A207-419A-93EB-A88C51EF45C0}.Release|Any CPU.ActiveCfg = Release|Any CPU
		{EB7763FD-A207-419A-93EB-A88C51EF45C0}.Release|Any CPU.Build.0 = Release|Any CPU
	EndGlobalSection
	GlobalSection(SolutionProperties) = preSolution
		HideSolutionNode = FALSE
	EndGlobalSection
	GlobalSection(ExtensibilityGlobals) = postSolution
		SolutionGuid = {E0B789C4-B296-40CB-B58A-8DD5AE799DAE}
	EndGlobalSection
EndGlobal
